<?xml version="1.0" encoding="utf-8"?>
<Project ToolsVersion="4.0" xmlns="http://schemas.microsoft.com/developer/msbuild/2003">
  <ItemGroup>
    <Filter Include="소스 파일">
      <UniqueIdentifier>{4FC737F1-C7A5-4376-A066-2A32D752A2FF}</UniqueIdentifier>
      <Extensions>cpp;c;cc;cxx;def;odl;idl;hpj;bat;asm;asmx</Extensions>
    </Filter>
    <Filter Include="리소스 파일">
      <UniqueIdentifier>{67DA6AB6-F800-4c08-8B7A-83BB121AAD01}</UniqueIdentifier>
      <Extensions>rc;ico;cur;bmp;dlg;rc2;rct;bin;rgs;gif;jpg;jpeg;jpe;resx;tiff;tif;png;wav;mfcribbon-ms</Extensions>
    </Filter>
    <Filter Include="소스 파일\99.Default">
      <UniqueIdentifier>{ce7e1dc7-37ec-480c-bf62-8572ca08b7c1}</UniqueIdentifier>
    </Filter>
    <Filter Include="소스 파일\00.MainProcess">
      <UniqueIdentifier>{27fa68eb-72eb-4aff-b97f-13b3a5c993d1}</UniqueIdentifier>
    </Filter>
    <Filter Include="소스 파일\01.MainApp">
      <UniqueIdentifier>{5cd5388f-07f2-4c7f-9dbd-b4e2a3a611af}</UniqueIdentifier>
    </Filter>
    <Filter Include="소스 파일\100.ETC">
      <UniqueIdentifier>{6b2e7814-6533-422d-8b69-b0021a2a1bf5}</UniqueIdentifier>
    </Filter>
    <Filter Include="소스 파일\03.Obj">
      <UniqueIdentifier>{af10e551-4468-4027-9745-21977866f482}</UniqueIdentifier>
    </Filter>
    <Filter Include="소스 파일\03.Obj\040.UI">
      <UniqueIdentifier>{f62bd796-09de-47d5-89e7-c76e562ea31a}</UniqueIdentifier>
    </Filter>
    <Filter Include="소스 파일\03.Obj\030.Space">
      <UniqueIdentifier>{9edab618-d9aa-4302-b51e-bb59cdb14b1c}</UniqueIdentifier>
    </Filter>
    <Filter Include="소스 파일\03.Obj\020.Player">
      <UniqueIdentifier>{203cac16-3859-498a-a48e-fa9500dfe812}</UniqueIdentifier>
    </Filter>
    <Filter Include="소스 파일\03.Obj\021.Bullet">
      <UniqueIdentifier>{7c13d2f4-4fc5-425e-a17e-39d2ef573043}</UniqueIdentifier>
    </Filter>
    <Filter Include="소스 파일\03.Obj\024.Shield">
      <UniqueIdentifier>{93992826-4508-4d63-a435-f7b28ced47fc}</UniqueIdentifier>
    </Filter>
    <Filter Include="소스 파일\02.Timer">
      <UniqueIdentifier>{3b534a1b-9690-4ff4-a72a-247952904540}</UniqueIdentifier>
    </Filter>
    <Filter Include="소스 파일\03.Obj\022.GunBarrel">
      <UniqueIdentifier>{796f33fd-5530-46a8-a5ef-ff60532a9391}</UniqueIdentifier>
    </Filter>
    <Filter Include="소스 파일\03.Obj\023.Monster">
      <UniqueIdentifier>{f7a0ac0a-f887-4e5b-8b4c-7bfabf8f5d4d}</UniqueIdentifier>
    </Filter>
    <Filter Include="소스 파일\03.Obj\025.ScrewBall">
      <UniqueIdentifier>{6c99e75e-6583-4c85-971b-fcaf24885e23}</UniqueIdentifier>
    </Filter>
    <Filter Include="소스 파일\03.Obj\01.Camera">
      <UniqueIdentifier>{780a1e12-7302-4ca8-97aa-67e171c89e92}</UniqueIdentifier>
    </Filter>
    <Filter Include="소스 파일\97.MapEditor">
      <UniqueIdentifier>{18bf22b5-06af-443d-b3a3-ef511342116c}</UniqueIdentifier>
    </Filter>
    <Filter Include="소스 파일\97.MapEditor\AtlasLoader">
      <UniqueIdentifier>{f0ca620c-f67f-430a-9184-ad9b30932d9e}</UniqueIdentifier>
    </Filter>
    <Filter Include="소스 파일\97.MapEditor\MapFileMgr">
      <UniqueIdentifier>{80e0ed4c-0538-4df0-823d-4440f3c9b064}</UniqueIdentifier>
    </Filter>
    <Filter Include="소스 파일\05.Bitmap">
      <UniqueIdentifier>{fb3a5d37-fe5b-4c04-a69c-13cf4d88bafe}</UniqueIdentifier>
    </Filter>
    <Filter Include="소스 파일\03.Obj\01.MapObj">
      <UniqueIdentifier>{2d20c727-cdaf-429d-ba3b-5f722eac73f2}</UniqueIdentifier>
    </Filter>
    <Filter Include="소스 파일\98.Manager">
      <UniqueIdentifier>{7c2b6b65-01cb-4b0a-b32a-cf35fade515b}</UniqueIdentifier>
    </Filter>
    <Filter Include="소스 파일\04.Scene">
      <UniqueIdentifier>{d25592dd-e09a-43f2-8ce6-45947a46ddcc}</UniqueIdentifier>
    </Filter>
    <Filter Include="소스 파일\04.MapLoader">
      <UniqueIdentifier>{80200254-11ba-4525-9c2c-23e4c9d1f338}</UniqueIdentifier>
    </Filter>
    <Filter Include="소스 파일\03.State">
      <UniqueIdentifier>{cebc097e-aec6-48ff-a713-759be235f622}</UniqueIdentifier>
    </Filter>
    <Filter Include="소스 파일\03.State\031.Player">
      <UniqueIdentifier>{f383deb9-60fc-484a-903f-e53c0fdbcb2a}</UniqueIdentifier>
    </Filter>
    <Filter Include="소스 파일\03.Obj\02. Effect">
      <UniqueIdentifier>{55247d11-900f-4e7f-a43a-cee99bdff74a}</UniqueIdentifier>
    </Filter>
  </ItemGroup>
  <ItemGroup>
    <ClInclude Include="CLayer.h">
      <Filter>소스 파일\100.ETC</Filter>
    </ClInclude>
    <ClInclude Include="CObj.h">
      <Filter>소스 파일\03.Obj</Filter>
    </ClInclude>
    <ClInclude Include="targetver.h">
      <Filter>소스 파일\99.Default</Filter>
    </ClInclude>
    <ClInclude Include="stdafx.h">
      <Filter>소스 파일\99.Default</Filter>
    </ClInclude>
    <ClInclude Include="Resource.h">
      <Filter>소스 파일\99.Default</Filter>
    </ClInclude>
    <ClInclude Include="0625.h">
      <Filter>소스 파일\99.Default</Filter>
    </ClInclude>
    <ClInclude Include="Player.h">
      <Filter>소스 파일\03.Obj\020.Player</Filter>
    </ClInclude>
    <ClInclude Include="Bullet.h">
      <Filter>소스 파일\03.Obj\021.Bullet</Filter>
    </ClInclude>
    <ClInclude Include="Monster.h">
      <Filter>소스 파일\03.Obj\023.Monster</Filter>
    </ClInclude>
    <ClInclude Include="UI_Gauge.h">
      <Filter>소스 파일\03.Obj\040.UI</Filter>
    </ClInclude>
    <ClInclude Include="GunBarrel.h">
      <Filter>소스 파일\03.Obj\022.GunBarrel</Filter>
    </ClInclude>
    <ClInclude Include="ScrewBullet.h">
      <Filter>소스 파일\03.Obj\021.Bullet</Filter>
    </ClInclude>
    <ClInclude Include="MainApp.h">
      <Filter>소스 파일\01.MainApp</Filter>
    </ClInclude>
    <ClInclude Include="CGameWorld.h">
      <Filter>소스 파일\01.MainApp</Filter>
    </ClInclude>
    <ClInclude Include="CTimer.h">
      <Filter>소스 파일\02.Timer</Filter>
    </ClInclude>
    <ClInclude Include="CSpace.h">
      <Filter>소스 파일\03.Obj\030.Space</Filter>
    </ClInclude>
    <ClInclude Include="ScrewBall.h">
      <Filter>소스 파일\03.Obj\025.ScrewBall</Filter>
    </ClInclude>
    <ClInclude Include="Shield.h">
      <Filter>소스 파일\03.Obj\024.Shield</Filter>
    </ClInclude>
    <ClInclude Include="GuidedBullet.h">
      <Filter>소스 파일\03.Obj\021.Bullet</Filter>
    </ClInclude>
    <ClInclude Include="KeyMgr.h">
      <Filter>소스 파일\98.Manager</Filter>
    </ClInclude>
    <ClInclude Include="CCamera2D.h">
      <Filter>소스 파일\03.Obj\01.Camera</Filter>
    </ClInclude>
    <ClInclude Include="UI_Button.h">
      <Filter>소스 파일\03.Obj\040.UI</Filter>
    </ClInclude>
    <ClInclude Include="CAtlasLoader.h">
      <Filter>소스 파일\97.MapEditor\AtlasLoader</Filter>
    </ClInclude>
    <ClInclude Include="CBitmapObj.h">
      <Filter>소스 파일\05.Bitmap</Filter>
    </ClInclude>
    <ClInclude Include="CAtlasObj.h">
      <Filter>소스 파일\03.Obj\01.MapObj</Filter>
    </ClInclude>
    <ClInclude Include="Function.h">
      <Filter>소스 파일</Filter>
    </ClInclude>
    <ClInclude Include="CCollider.h">
      <Filter>소스 파일\03.Obj\01.MapObj</Filter>
    </ClInclude>
    <ClInclude Include="CWOL_World.h">
      <Filter>소스 파일\01.MainApp</Filter>
    </ClInclude>
    <ClInclude Include="CMapFileMgr.h">
      <Filter>소스 파일\98.Manager</Filter>
    </ClInclude>
    <ClInclude Include="CMapLoader.h">
      <Filter>소스 파일\04.MapLoader</Filter>
    </ClInclude>
    <ClInclude Include="CScene.h">
      <Filter>소스 파일\04.Scene</Filter>
    </ClInclude>
    <ClInclude Include="CSceneMgr.h">
      <Filter>소스 파일\98.Manager</Filter>
    </ClInclude>
    <ClInclude Include="CBitmapMgr.h">
      <Filter>소스 파일\98.Manager</Filter>
    </ClInclude>
    <ClInclude Include="CTitleScene.h">
      <Filter>소스 파일\04.Scene</Filter>
    </ClInclude>
    <ClInclude Include="CTrigger.h">
      <Filter>소스 파일\03.Obj\01.MapObj</Filter>
    </ClInclude>
    <ClInclude Include="CPlayScene.h">
      <Filter>소스 파일\04.Scene</Filter>
    </ClInclude>
    <ClInclude Include="CDoor.h">
      <Filter>소스 파일\03.Obj\01.MapObj</Filter>
    </ClInclude>
    <ClInclude Include="CMapObjsGroup.h">
      <Filter>소스 파일\03.Obj\01.MapObj</Filter>
    </ClInclude>
    <ClInclude Include="CSpawnPoint.h">
      <Filter>소스 파일\03.Obj\01.MapObj</Filter>
    </ClInclude>
    <ClInclude Include="CPlayerWOL.h">
      <Filter>소스 파일\03.Obj\020.Player</Filter>
    </ClInclude>
    <ClInclude Include="CUI_Cursor.h">
      <Filter>소스 파일\03.Obj\040.UI</Filter>
    </ClInclude>
    <ClInclude Include="CStateMgr.h">
      <Filter>소스 파일\98.Manager</Filter>
    </ClInclude>
    <ClInclude Include="CState.h">
      <Filter>소스 파일\03.State</Filter>
    </ClInclude>
    <ClInclude Include="CPlayerState_Idle.h">
      <Filter>소스 파일\03.State\031.Player</Filter>
    </ClInclude>
    <ClInclude Include="CPlayerState_Run.h">
      <Filter>소스 파일\03.State\031.Player</Filter>
    </ClInclude>
    <ClInclude Include="CPlayerState_Dash.h">
      <Filter>소스 파일\03.State\031.Player</Filter>
    </ClInclude>
    <ClInclude Include="CPlayerState_Attack.h">
      <Filter>소스 파일\03.State\031.Player</Filter>
    </ClInclude>
    <ClInclude Include="CPlayerState_Damage.h">
      <Filter>소스 파일\03.State\031.Player</Filter>
    </ClInclude>
    <ClInclude Include="CPlayerState_Death.h">
      <Filter>소스 파일\03.State\031.Player</Filter>
    </ClInclude>
    <ClInclude Include="CPlayerState_Spawn.h">
      <Filter>소스 파일\03.State\031.Player</Filter>
    </ClInclude>
    <ClInclude Include="CEffect_Spawn.h">
      <Filter>소스 파일\03.Obj\02. Effect</Filter>
    </ClInclude>
  </ItemGroup>
  <ItemGroup>
    <ClCompile Include="CLayer.cpp">
      <Filter>소스 파일\100.ETC</Filter>
    </ClCompile>
    <ClCompile Include="CObj.cpp">
      <Filter>소스 파일\03.Obj</Filter>
    </ClCompile>
    <ClCompile Include="stdafx.cpp">
      <Filter>소스 파일\99.Default</Filter>
    </ClCompile>
    <ClCompile Include="그림출력.cpp">
      <Filter>소스 파일\00.MainProcess</Filter>
    </ClCompile>
    <ClCompile Include="총알상자.cpp">
      <Filter>소스 파일\00.MainProcess</Filter>
    </ClCompile>
    <ClCompile Include="총알상자2.cpp">
      <Filter>소스 파일\00.MainProcess</Filter>
    </ClCompile>
    <ClCompile Include="MainApp.cpp">
      <Filter>소스 파일\01.MainApp</Filter>
    </ClCompile>
    <ClCompile Include="Player.cpp">
      <Filter>소스 파일\03.Obj\020.Player</Filter>
    </ClCompile>
    <ClCompile Include="Bullet.cpp">
      <Filter>소스 파일\03.Obj\021.Bullet</Filter>
    </ClCompile>
    <ClCompile Include="Monster.cpp">
      <Filter>소스 파일\03.Obj\023.Monster</Filter>
    </ClCompile>
    <ClCompile Include="UI_Gauge.cpp">
      <Filter>소스 파일\03.Obj\040.UI</Filter>
    </ClCompile>
    <ClCompile Include="GunBarrel.cpp">
      <Filter>소스 파일\03.Obj\022.GunBarrel</Filter>
    </ClCompile>
    <ClCompile Include="ScrewBullet.cpp">
      <Filter>소스 파일\03.Obj\021.Bullet</Filter>
    </ClCompile>
    <ClCompile Include="Shield.cpp">
      <Filter>소스 파일\03.Obj\024.Shield</Filter>
    </ClCompile>
    <ClCompile Include="CTimer.cpp">
      <Filter>소스 파일\02.Timer</Filter>
    </ClCompile>
    <ClCompile Include="CSpace.cpp">
      <Filter>소스 파일\03.Obj\030.Space</Filter>
    </ClCompile>
    <ClCompile Include="ScrewBall.cpp">
      <Filter>소스 파일\03.Obj\025.ScrewBall</Filter>
    </ClCompile>
    <ClCompile Include="GuidedBullet.cpp">
      <Filter>소스 파일\03.Obj\021.Bullet</Filter>
    </ClCompile>
    <ClCompile Include="KeyMgr.cpp">
      <Filter>소스 파일\98.Manager</Filter>
    </ClCompile>
    <ClCompile Include="CCamera2D.cpp">
      <Filter>소스 파일\03.Obj\01.Camera</Filter>
    </ClCompile>
    <ClCompile Include="UI_Button.cpp">
      <Filter>소스 파일\03.Obj\040.UI</Filter>
    </ClCompile>
    <ClCompile Include="CAtlasLoader.cpp">
      <Filter>소스 파일\97.MapEditor\AtlasLoader</Filter>
    </ClCompile>
    <ClCompile Include="CGameWorld.cpp">
      <Filter>소스 파일\01.MainApp</Filter>
    </ClCompile>
    <ClCompile Include="CBitmapObj.cpp">
      <Filter>소스 파일\05.Bitmap</Filter>
    </ClCompile>
    <ClCompile Include="CAtlasObj.cpp">
      <Filter>소스 파일\03.Obj\01.MapObj</Filter>
    </ClCompile>
    <ClCompile Include="Function.cpp">
      <Filter>소스 파일</Filter>
    </ClCompile>
    <ClCompile Include="Main.cpp">
      <Filter>소스 파일\00.MainProcess</Filter>
    </ClCompile>
    <ClCompile Include="CCollider.cpp">
      <Filter>소스 파일\03.Obj\01.MapObj</Filter>
    </ClCompile>
    <ClCompile Include="CWOL_World.cpp">
      <Filter>소스 파일\01.MainApp</Filter>
    </ClCompile>
    <ClCompile Include="CMapFileMgr.cpp">
      <Filter>소스 파일\98.Manager</Filter>
    </ClCompile>
    <ClCompile Include="CMapLoader.cpp">
      <Filter>소스 파일\04.MapLoader</Filter>
    </ClCompile>
    <ClCompile Include="CScene.cpp">
      <Filter>소스 파일\04.Scene</Filter>
    </ClCompile>
    <ClCompile Include="CSceneMgr.cpp">
      <Filter>소스 파일\98.Manager</Filter>
    </ClCompile>
    <ClCompile Include="CBitmapMgr.cpp">
      <Filter>소스 파일\98.Manager</Filter>
    </ClCompile>
    <ClCompile Include="CTitleScene.cpp">
      <Filter>소스 파일\04.Scene</Filter>
    </ClCompile>
    <ClCompile Include="CPlayScene.cpp">
      <Filter>소스 파일\04.Scene</Filter>
    </ClCompile>
    <ClCompile Include="CTrigger.cpp">
      <Filter>소스 파일\03.Obj\01.MapObj</Filter>
    </ClCompile>
    <ClCompile Include="CDoor.cpp">
      <Filter>소스 파일\03.Obj\01.MapObj</Filter>
    </ClCompile>
    <ClCompile Include="CMapObjsGroup.cpp">
      <Filter>소스 파일\03.Obj\01.MapObj</Filter>
    </ClCompile>
    <ClCompile Include="CSpawnPoint.cpp">
      <Filter>소스 파일\03.Obj\01.MapObj</Filter>
    </ClCompile>
    <ClCompile Include="CPlayerWOL.cpp">
      <Filter>소스 파일\03.Obj\020.Player</Filter>
    </ClCompile>
    <ClCompile Include="CUI_Cursor.cpp">
      <Filter>소스 파일\03.Obj\040.UI</Filter>
    </ClCompile>
    <ClCompile Include="CStateMgr.cpp">
      <Filter>소스 파일\98.Manager</Filter>
    </ClCompile>
    <ClCompile Include="CState.cpp">
      <Filter>소스 파일\03.State</Filter>
    </ClCompile>
    <ClCompile Include="CPlayerState_Idle.cpp">
      <Filter>소스 파일\03.State\031.Player</Filter>
    </ClCompile>
    <ClCompile Include="CPlayerState_Run.cpp">
      <Filter>소스 파일\03.State\031.Player</Filter>
    </ClCompile>
    <ClCompile Include="CPlayerState_Dash.cpp">
      <Filter>소스 파일\03.State\031.Player</Filter>
    </ClCompile>
    <ClCompile Include="CPlayerState_Damage.cpp">
      <Filter>소스 파일\03.State\031.Player</Filter>
    </ClCompile>
    <ClCompile Include="CPlayerState_Death.cpp">
      <Filter>소스 파일\03.State\031.Player</Filter>
    </ClCompile>
    <ClCompile Include="CPlayerState_Attack.cpp">
      <Filter>소스 파일\03.State\031.Player</Filter>
    </ClCompile>
    <ClCompile Include="CPlayerState_Spawn.cpp">
      <Filter>소스 파일\03.State\031.Player</Filter>
    </ClCompile>
    <ClCompile Include="CEffect_Spawn.cpp">
      <Filter>소스 파일\03.Obj\02. Effect</Filter>
    </ClCompile>
  </ItemGroup>
  <ItemGroup>
    <ResourceCompile Include="0625.rc">
      <Filter>리소스 파일</Filter>
    </ResourceCompile>
  </ItemGroup>
  <ItemGroup>
    <Image Include="small.ico">
      <Filter>리소스 파일</Filter>
    </Image>
    <Image Include="0625.ico">
      <Filter>리소스 파일</Filter>
    </Image>
  </ItemGroup>
  <ItemGroup>
    <Text Include="ReadMe.txt">
      <Filter>소스 파일\99.Default</Filter>
    </Text>
  </ItemGroup>
</Project>